// !$*UTF8*$!
{
	archiveVersion = 1;
	classes = {
	};
	objectVersion = 56;
	objects = {

/* Begin PBXBuildFile section */
		001 /* GitYApp.swift in Sources */ = {isa = PBXBuildFile; fileRef = 101 /* GitYApp.swift */; };
		002 /* ContentView.swift in Sources */ = {isa = PBXBuildFile; fileRef = 102 /* ContentView.swift */; };
		003 /* WelcomeView.swift in Sources */ = {isa = PBXBuildFile; fileRef = 103 /* WelcomeView.swift */; };
		004 /* MainRepositoryView.swift in Sources */ = {isa = PBXBuildFile; fileRef = 104 /* MainRepositoryView.swift */; };
		005 /* SidebarView.swift in Sources */ = {isa = PBXBuildFile; fileRef = 105 /* SidebarView.swift */; };
		006 /* StageView.swift in Sources */ = {isa = PBXBuildFile; fileRef = 106 /* StageView.swift */; };
		007 /* HistoryView.swift in Sources */ = {isa = PBXBuildFile; fileRef = 107 /* HistoryView.swift */; };
		008 /* DiffView.swift in Sources */ = {isa = PBXBuildFile; fileRef = 108 /* DiffView.swift */; };
		009 /* StashDetailView.swift in Sources */ = {isa = PBXBuildFile; fileRef = 109 /* StashDetailView.swift */; };
		010 /* SubmoduleDetailView.swift in Sources */ = {isa = PBXBuildFile; fileRef = 110 /* SubmoduleDetailView.swift */; };
		011 /* PreferencesView.swift in Sources */ = {isa = PBXBuildFile; fileRef = 111 /* PreferencesView.swift */; };
		012 /* GitRepository.swift in Sources */ = {isa = PBXBuildFile; fileRef = 112 /* GitRepository.swift */; };
		013 /* GitRef.swift in Sources */ = {isa = PBXBuildFile; fileRef = 113 /* GitRef.swift */; };
		014 /* GitCommit.swift in Sources */ = {isa = PBXBuildFile; fileRef = 114 /* GitCommit.swift */; };
		015 /* ChangedFile.swift in Sources */ = {isa = PBXBuildFile; fileRef = 115 /* ChangedFile.swift */; };
		016 /* GitStash.swift in Sources */ = {isa = PBXBuildFile; fileRef = 116 /* GitStash.swift */; };
		017 /* GitSubmodule.swift in Sources */ = {isa = PBXBuildFile; fileRef = 117 /* GitSubmodule.swift */; };
		018 /* DirectoryWatcher.swift in Sources */ = {isa = PBXBuildFile; fileRef = 118 /* DirectoryWatcher.swift */; };
		019 /* RelativeDateFormatter.swift in Sources */ = {isa = PBXBuildFile; fileRef = 119 /* RelativeDateFormatter.swift */; };
		020 /* Assets.xcassets in Resources */ = {isa = PBXBuildFile; fileRef = 200 /* Assets.xcassets */; };
		021 /* GitDirectoryWatcher.swift in Sources */ = {isa = PBXBuildFile; fileRef = 120 /* GitDirectoryWatcher.swift */; };
		022 /* View+Extensions.swift in Sources */ = {isa = PBXBuildFile; fileRef = 121 /* View+Extensions.swift */; };
		A59D4FC42F4B8E22009DBEF1 /* LLM in Frameworks */ = {isa = PBXBuildFile; productRef = CE63AAE17E0CF47A90A8516C /* LLM */; };
		A59D4FC62F4B9AEA009DBEF1 /* ImageSource.swift in Sources */ = {isa = PBXBuildFile; fileRef = A59D4FC52F4B9AEA009DBEF1 /* ImageSource.swift */; };
		A85E1FB5577507F2B2DB6F79 /* LocalLLMService.swift in Sources */ = {isa = PBXBuildFile; fileRef = 043948729140AEB1264630F0 /* LocalLLMService.swift */; };
		E683A7EE1ACC5ADDA2C9F1B3 /* TreeEntry.swift in Sources */ = {isa = PBXBuildFile; fileRef = 42EF712F30B5056EC712D606 /* TreeEntry.swift */; };
/* End PBXBuildFile section */

/* Begin PBXFileReference section */
		043948729140AEB1264630F0 /* LocalLLMService.swift */ = {isa = PBXFileReference; includeInIndex = 1; lastKnownFileType = sourcecode.swift; path = LocalLLMService.swift; sourceTree = "<group>"; };
		100 /* GitY.app */ = {isa = PBXFileReference; explicitFileType = wrapper.application; includeInIndex = 0; path = GitY.app; sourceTree = BUILT_PRODUCTS_DIR; };
		101 /* GitYApp.swift */ = {isa = PBXFileReference; lastKnownFileType = sourcecode.swift; path = GitYApp.swift; sourceTree = "<group>"; };
		102 /* ContentView.swift */ = {isa = PBXFileReference; lastKnownFileType = sourcecode.swift; path = ContentView.swift; sourceTree = "<group>"; };
		103 /* WelcomeView.swift */ = {isa = PBXFileReference; lastKnownFileType = sourcecode.swift; path = WelcomeView.swift; sourceTree = "<group>"; };
		104 /* MainRepositoryView.swift */ = {isa = PBXFileReference; lastKnownFileType = sourcecode.swift; path = MainRepositoryView.swift; sourceTree = "<group>"; };
		105 /* SidebarView.swift */ = {isa = PBXFileReference; lastKnownFileType = sourcecode.swift; path = SidebarView.swift; sourceTree = "<group>"; };
		106 /* StageView.swift */ = {isa = PBXFileReference; lastKnownFileType = sourcecode.swift; path = StageView.swift; sourceTree = "<group>"; };
		107 /* HistoryView.swift */ = {isa = PBXFileReference; lastKnownFileType = sourcecode.swift; path = HistoryView.swift; sourceTree = "<group>"; };
		108 /* DiffView.swift */ = {isa = PBXFileReference; lastKnownFileType = sourcecode.swift; path = DiffView.swift; sourceTree = "<group>"; };
		109 /* StashDetailView.swift */ = {isa = PBXFileReference; lastKnownFileType = sourcecode.swift; path = StashDetailView.swift; sourceTree = "<group>"; };
		110 /* SubmoduleDetailView.swift */ = {isa = PBXFileReference; lastKnownFileType = sourcecode.swift; path = SubmoduleDetailView.swift; sourceTree = "<group>"; };
		111 /* PreferencesView.swift */ = {isa = PBXFileReference; lastKnownFileType = sourcecode.swift; path = PreferencesView.swift; sourceTree = "<group>"; };
		112 /* GitRepository.swift */ = {isa = PBXFileReference; lastKnownFileType = sourcecode.swift; path = GitRepository.swift; sourceTree = "<group>"; };
		113 /* GitRef.swift */ = {isa = PBXFileReference; lastKnownFileType = sourcecode.swift; path = GitRef.swift; sourceTree = "<group>"; };
		114 /* GitCommit.swift */ = {isa = PBXFileReference; lastKnownFileType = sourcecode.swift; path = GitCommit.swift; sourceTree = "<group>"; };
		115 /* ChangedFile.swift */ = {isa = PBXFileReference; lastKnownFileType = sourcecode.swift; path = ChangedFile.swift; sourceTree = "<group>"; };
		116 /* GitStash.swift */ = {isa = PBXFileReference; lastKnownFileType = sourcecode.swift; path = GitStash.swift; sourceTree = "<group>"; };
		117 /* GitSubmodule.swift */ = {isa = PBXFileReference; lastKnownFileType = sourcecode.swift; path = GitSubmodule.swift; sourceTree = "<group>"; };
		118 /* DirectoryWatcher.swift */ = {isa = PBXFileReference; lastKnownFileType = sourcecode.swift; path = DirectoryWatcher.swift; sourceTree = "<group>"; };
		119 /* RelativeDateFormatter.swift */ = {isa = PBXFileReference; lastKnownFileType = sourcecode.swift; path = RelativeDateFormatter.swift; sourceTree = "<group>"; };
		120 /* GitDirectoryWatcher.swift */ = {isa = PBXFileReference; lastKnownFileType = sourcecode.swift; path = GitDirectoryWatcher.swift; sourceTree = "<group>"; };
		121 /* View+Extensions.swift */ = {isa = PBXFileReference; lastKnownFileType = sourcecode.swift; path = "View+Extensions.swift"; sourceTree = "<group>"; };
		200 /* Assets.xcassets */ = {isa = PBXFileReference; lastKnownFileType = folder.assetcatalog; path = Assets.xcassets; sourceTree = "<group>"; };
		201 /* GitY.entitlements */ = {isa = PBXFileReference; lastKnownFileType = text.plist.entitlements; path = GitY.entitlements; sourceTree = "<group>"; };
		42EF712F30B5056EC712D606 /* TreeEntry.swift */ = {isa = PBXFileReference; includeInIndex = 1; lastKnownFileType = sourcecode.swift; path = TreeEntry.swift; sourceTree = "<group>"; };
		A59D4FC52F4B9AEA009DBEF1 /* ImageSource.swift */ = {isa = PBXFileReference; lastKnownFileType = sourcecode.swift; path = ImageSource.swift; sourceTree = "<group>"; };
/* End PBXFileReference section */

/* Begin PBXFrameworksBuildPhase section */
		300 /* Frameworks */ = {
			isa = PBXFrameworksBuildPhase;
			buildActionMask = 2147483647;
			files = (
				A59D4FC42F4B8E22009DBEF1 /* LLM in Frameworks */,
			);
			runOnlyForDeploymentPostprocessing = 0;
		};
/* End PBXFrameworksBuildPhase section */

/* Begin PBXGroup section */
		400 = {
			isa = PBXGroup;
			children = (
				500 /* Sources */,
				600 /* Resources */,
				700 /* Products */,
			);
			sourceTree = "<group>";
		};
		500 /* Sources */ = {
			isa = PBXGroup;
			children = (
				101 /* GitYApp.swift */,
				501 /* Models */,
				502 /* Views */,
				503 /* Controllers */,
				504 /* Services */,
				505 /* Utils */,
			);
			path = Sources;
			sourceTree = "<group>";
		};
		501 /* Models */ = {
			isa = PBXGroup;
			children = (
				112 /* GitRepository.swift */,
				113 /* GitRef.swift */,
				114 /* GitCommit.swift */,
				115 /* ChangedFile.swift */,
				116 /* GitStash.swift */,
				117 /* GitSubmodule.swift */,
				42EF712F30B5056EC712D606 /* TreeEntry.swift */,
			);
			path = Models;
			sourceTree = "<group>";
		};
		502 /* Views */ = {
			isa = PBXGroup;
			children = (
				102 /* ContentView.swift */,
				103 /* WelcomeView.swift */,
				104 /* MainRepositoryView.swift */,
				105 /* SidebarView.swift */,
				106 /* StageView.swift */,
				107 /* HistoryView.swift */,
				108 /* DiffView.swift */,
				109 /* StashDetailView.swift */,
				110 /* SubmoduleDetailView.swift */,
				111 /* PreferencesView.swift */,
				121 /* View+Extensions.swift */,
			);
			path = Views;
			sourceTree = "<group>";
		};
		503 /* Controllers */ = {
			isa = PBXGroup;
			children = (
			);
			path = Controllers;
			sourceTree = "<group>";
		};
		504 /* Services */ = {
			isa = PBXGroup;
			children = (
				043948729140AEB1264630F0 /* LocalLLMService.swift */,
			);
			path = Services;
			sourceTree = "<group>";
		};
		505 /* Utils */ = {
			isa = PBXGroup;
			children = (
				118 /* DirectoryWatcher.swift */,
				120 /* GitDirectoryWatcher.swift */,
				119 /* RelativeDateFormatter.swift */,
				A59D4FC52F4B9AEA009DBEF1 /* ImageSource.swift */,
			);
			path = Utils;
			sourceTree = "<group>";
		};
		600 /* Resources */ = {
			isa = PBXGroup;
			children = (
				200 /* Assets.xcassets */,
				201 /* GitY.entitlements */,
			);
			path = Resources;
			sourceTree = "<group>";
		};
		700 /* Products */ = {
			isa = PBXGroup;
			children = (
				100 /* GitY.app */,
			);
			name = Products;
			sourceTree = "<group>";
		};
/* End PBXGroup section */

/* Begin PBXNativeTarget section */
		800 /* GitY */ = {
			isa = PBXNativeTarget;
			buildConfigurationList = 900 /* Build configuration list for PBXNativeTarget "GitY" */;
			buildPhases = (
				801 /* Sources */,
				300 /* Frameworks */,
				802 /* Resources */,
			);
			buildRules = (
			);
			dependencies = (
			);
			name = GitY;
			packageProductDependencies = (
				CE63AAE17E0CF47A90A8516C /* LLM */,
			);
			productName = GitY;
			productReference = 100 /* GitY.app */;
			productType = "com.apple.product-type.application";
		};
/* End PBXNativeTarget section */

/* Begin PBXProject section */
		850 /* Project object */ = {
			isa = PBXProject;
			attributes = {
				BuildIndependentTargetsInParallel = 1;
				LastSwiftUpdateCheck = 1500;
				LastUpgradeCheck = 1500;
				TargetAttributes = {
					800 = {
						CreatedOnToolsVersion = 15.0;
					};
				};
			};
			buildConfigurationList = 851 /* Build configuration list for PBXProject "GitY" */;
			compatibilityVersion = "Xcode 14.0";
			developmentRegion = en;
			hasScannedForEncodings = 0;
			knownRegions = (
				en,
				Base,
			);
			mainGroup = 400;
			packageReferences = (
				B10CD1BC958BEEE150E17A2C /* XCRemoteSwiftPackageReference "LLM.swift" */,
			);
			productRefGroup = 700 /* Products */;
			projectDirPath = "";
			projectRoot = "";
			targets = (
				800 /* GitY */,
			);
		};
/* End PBXProject section */

/* Begin PBXResourcesBuildPhase section */
		802 /* Resources */ = {
			isa = PBXResourcesBuildPhase;
			buildActionMask = 2147483647;
			files = (
				020 /* Assets.xcassets in Resources */,
			);
			runOnlyForDeploymentPostprocessing = 0;
		};
/* End PBXResourcesBuildPhase section */

/* Begin PBXSourcesBuildPhase section */
		801 /* Sources */ = {
			isa = PBXSourcesBuildPhase;
			buildActionMask = 2147483647;
			files = (
				A59D4FC62F4B9AEA009DBEF1 /* ImageSource.swift in Sources */,
				001 /* GitYApp.swift in Sources */,
				002 /* ContentView.swift in Sources */,
				003 /* WelcomeView.swift in Sources */,
				004 /* MainRepositoryView.swift in Sources */,
				005 /* SidebarView.swift in Sources */,
				006 /* StageView.swift in Sources */,
				007 /* HistoryView.swift in Sources */,
				008 /* DiffView.swift in Sources */,
				009 /* StashDetailView.swift in Sources */,
				010 /* SubmoduleDetailView.swift in Sources */,
				011 /* PreferencesView.swift in Sources */,
				012 /* GitRepository.swift in Sources */,
				013 /* GitRef.swift in Sources */,
				014 /* GitCommit.swift in Sources */,
				015 /* ChangedFile.swift in Sources */,
				016 /* GitStash.swift in Sources */,
				017 /* GitSubmodule.swift in Sources */,
				018 /* DirectoryWatcher.swift in Sources */,
				021 /* GitDirectoryWatcher.swift in Sources */,
				019 /* RelativeDateFormatter.swift in Sources */,
				022 /* View+Extensions.swift in Sources */,
				E683A7EE1ACC5ADDA2C9F1B3 /* TreeEntry.swift in Sources */,
				A85E1FB5577507F2B2DB6F79 /* LocalLLMService.swift in Sources */,
			);
			runOnlyForDeploymentPostprocessing = 0;
		};
/* End PBXSourcesBuildPhase section */

/* Begin XCBuildConfiguration section */
		860 /* Debug */ = {
			isa = XCBuildConfiguration;
			buildSettings = {
				ALWAYS_SEARCH_USER_PATHS = NO;
				ASSETCATALOG_COMPILER_GENERATE_SWIFT_ASSET_SYMBOL_EXTENSIONS = YES;
				CLANG_ANALYZER_NONNULL = YES;
				CLANG_ANALYZER_NUMBER_OBJECT_CONVERSION = YES_AGGRESSIVE;
				CLANG_CXX_LANGUAGE_STANDARD = "gnu++20";
				CLANG_ENABLE_MODULES = YES;
				CLANG_ENABLE_OBJC_ARC = YES;
				CLANG_ENABLE_OBJC_WEAK = YES;
				CLANG_WARN_BLOCK_CAPTURE_AUTORELEASING = YES;
				CLANG_WARN_BOOL_CONVERSION = YES;
				CLANG_WARN_COMMA = YES;
				CLANG_WARN_CONSTANT_CONVERSION = YES;
				CLANG_WARN_DEPRECATED_OBJC_IMPLEMENTATIONS = YES;
				CLANG_WARN_DIRECT_OBJC_ISA_USAGE = YES_ERROR;
				CLANG_WARN_DOCUMENTATION_COMMENTS = YES;
				CLANG_WARN_EMPTY_BODY = YES;
				CLANG_WARN_ENUM_CONVERSION = YES;
				CLANG_WARN_INFINITE_RECURSION = YES;
				CLANG_WARN_INT_CONVERSION = YES;
				CLANG_WARN_NON_LITERAL_NULL_CONVERSION = YES;
				CLANG_WARN_OBJC_IMPLICIT_RETAIN_SELF = YES;
				CLANG_WARN_OBJC_LITERAL_CONVERSION = YES;
				CLANG_WARN_OBJC_ROOT_CLASS = YES_ERROR;
				CLANG_WARN_QUOTED_INCLUDE_IN_FRAMEWORK_HEADER = YES;
				CLANG_WARN_RANGE_LOOP_ANALYSIS = YES;
				CLANG_WARN_STRICT_PROTOTYPES = YES;
				CLANG_WARN_SUSPICIOUS_MOVE = YES;
				CLANG_WARN_UNGUARDED_AVAILABILITY = YES_AGGRESSIVE;
				CLANG_WARN_UNREACHABLE_CODE = YES;
				CLANG_WARN__DUPLICATE_METHOD_MATCH = YES;
				COPY_PHASE_STRIP = NO;
				DEBUG_INFORMATION_FORMAT = dwarf;
				ENABLE_STRICT_OBJC_MSGSEND = YES;
				ENABLE_TESTABILITY = YES;
				ENABLE_USER_SCRIPT_SANDBOXING = YES;
				GCC_C_LANGUAGE_STANDARD = gnu17;
				GCC_DYNAMIC_NO_PIC = NO;
				GCC_NO_COMMON_BLOCKS = YES;
				GCC_OPTIMIZATION_LEVEL = 0;
				GCC_PREPROCESSOR_DEFINITIONS = (
					"DEBUG=1",
					"$(inherited)",
				);
				GCC_WARN_64_TO_32_BIT_CONVERSION = YES;
				GCC_WARN_ABOUT_RETURN_TYPE = YES_ERROR;
				GCC_WARN_UNDECLARED_SELECTOR = YES;
				GCC_WARN_UNINITIALIZED_AUTOS = YES_AGGRESSIVE;
				GCC_WARN_UNUSED_FUNCTION = YES;
				GCC_WARN_UNUSED_VARIABLE = YES;
				LOCALIZATION_PREFERS_STRING_CATALOGS = YES;
				MACOSX_DEPLOYMENT_TARGET = 14.0;
				MTL_ENABLE_DEBUG_INFO = INCLUDE_SOURCE;
				MTL_FAST_MATH = YES;
				ONLY_ACTIVE_ARCH = YES;
				SDKROOT = macosx;
				SWIFT_ACTIVE_COMPILATION_CONDITIONS = "DEBUG $(inherited)";
				SWIFT_OPTIMIZATION_LEVEL = "-Onone";
			};
			name = Debug;
		};
		861 /* Release */ = {
			isa = XCBuildConfiguration;
			buildSettings = {
				ALWAYS_SEARCH_USER_PATHS = NO;
				ASSETCATALOG_COMPILER_GENERATE_SWIFT_ASSET_SYMBOL_EXTENSIONS = YES;
				CLANG_ANALYZER_NONNULL = YES;
				CLANG_ANALYZER_NUMBER_OBJECT_CONVERSION = YES_AGGRESSIVE;
				CLANG_CXX_LANGUAGE_STANDARD = "gnu++20";
				CLANG_ENABLE_MODULES = YES;
				CLANG_ENABLE_OBJC_ARC = YES;
				CLANG_ENABLE_OBJC_WEAK = YES;
				CLANG_WARN_BLOCK_CAPTURE_AUTORELEASING = YES;
				CLANG_WARN_BOOL_CONVERSION = YES;
				CLANG_WARN_COMMA = YES;
				CLANG_WARN_CONSTANT_CONVERSION = YES;
				CLANG_WARN_DEPRECATED_OBJC_IMPLEMENTATIONS = YES;
				CLANG_WARN_DIRECT_OBJC_ISA_USAGE = YES_ERROR;
				CLANG_WARN_DOCUMENTATION_COMMENTS = YES;
				CLANG_WARN_EMPTY_BODY = YES;
				CLANG_WARN_ENUM_CONVERSION = YES;
				CLANG_WARN_INFINITE_RECURSION = YES;
				CLANG_WARN_INT_CONVERSION = YES;
				CLANG_WARN_NON_LITERAL_NULL_CONVERSION = YES;
				CLANG_WARN_OBJC_IMPLICIT_RETAIN_SELF = YES;
				CLANG_WARN_OBJC_LITERAL_CONVERSION = YES;
				CLANG_WARN_OBJC_ROOT_CLASS = YES_ERROR;
				CLANG_WARN_QUOTED_INCLUDE_IN_FRAMEWORK_HEADER = YES;
				CLANG_WARN_RANGE_LOOP_ANALYSIS = YES;
				CLANG_WARN_STRICT_PROTOTYPES = YES;
				CLANG_WARN_SUSPICIOUS_MOVE = YES;
				CLANG_WARN_UNGUARDED_AVAILABILITY = YES_AGGRESSIVE;
				CLANG_WARN_UNREACHABLE_CODE = YES;
				CLANG_WARN__DUPLICATE_METHOD_MATCH = YES;
				COPY_PHASE_STRIP = NO;
				DEBUG_INFORMATION_FORMAT = "dwarf-with-dsym";
				ENABLE_NS_ASSERTIONS = NO;
				ENABLE_STRICT_OBJC_MSGSEND = YES;
				ENABLE_USER_SCRIPT_SANDBOXING = YES;
				GCC_C_LANGUAGE_STANDARD = gnu17;
				GCC_NO_COMMON_BLOCKS = YES;
				GCC_WARN_64_TO_32_BIT_CONVERSION = YES;
				GCC_WARN_ABOUT_RETURN_TYPE = YES_ERROR;
				GCC_WARN_UNDECLARED_SELECTOR = YES;
				GCC_WARN_UNINITIALIZED_AUTOS = YES_AGGRESSIVE;
				GCC_WARN_UNUSED_FUNCTION = YES;
				GCC_WARN_UNUSED_VARIABLE = YES;
				LOCALIZATION_PREFERS_STRING_CATALOGS = YES;
				MACOSX_DEPLOYMENT_TARGET = 14.0;
				MTL_ENABLE_DEBUG_INFO = NO;
				MTL_FAST_MATH = YES;
				SDKROOT = macosx;
				SWIFT_COMPILATION_MODE = wholemodule;
			};
			name = Release;
		};
		870 /* Debug */ = {
			isa = XCBuildConfiguration;
			buildSettings = {
				ASSETCATALOG_COMPILER_APPICON_NAME = AppIcon;
				ASSETCATALOG_COMPILER_GLOBAL_ACCENT_COLOR_NAME = AccentColor;
				CODE_SIGN_ENTITLEMENTS = Resources/GitY.entitlements;
				CODE_SIGN_STYLE = Manual;
				COMBINE_HIDPI_IMAGES = YES;
				CURRENT_PROJECT_VERSION = 1;
				DEVELOPMENT_ASSET_PATHS = "";
				DEVELOPMENT_TEAM = "";
				ENABLE_HARDENED_RUNTIME = YES;
				ENABLE_PREVIEWS = YES;
				GENERATE_INFOPLIST_FILE = YES;
				INFOPLIST_KEY_LSApplicationCategoryType = "public.app-category.developer-tools";
				INFOPLIST_KEY_NSHumanReadableCopyright = "";
				LD_RUNPATH_SEARCH_PATHS = (
					"$(inherited)",
					"@executable_path/../Frameworks",
				);
				MARKETING_VERSION = 1.0;
				PRODUCT_BUNDLE_IDENTIFIER = org.dongri.gity;
				PRODUCT_NAME = "$(TARGET_NAME)";
				PROVISIONING_PROFILE_SPECIFIER = "";
				SWIFT_EMIT_LOC_STRINGS = YES;
				SWIFT_VERSION = 5.0;
			};
			name = Debug;
		};
		871 /* Release */ = {
			isa = XCBuildConfiguration;
			buildSettings = {
				ASSETCATALOG_COMPILER_APPICON_NAME = AppIcon;
				ASSETCATALOG_COMPILER_GLOBAL_ACCENT_COLOR_NAME = AccentColor;
				CODE_SIGN_ENTITLEMENTS = Resources/GitY.entitlements;
				CODE_SIGN_STYLE = Manual;
				COMBINE_HIDPI_IMAGES = YES;
				CURRENT_PROJECT_VERSION = 1;
				DEVELOPMENT_ASSET_PATHS = "";
				DEVELOPMENT_TEAM = "";
				ENABLE_HARDENED_RUNTIME = YES;
				ENABLE_PREVIEWS = YES;
				GENERATE_INFOPLIST_FILE = YES;
				INFOPLIST_KEY_LSApplicationCategoryType = "public.app-category.developer-tools";
				INFOPLIST_KEY_NSHumanReadableCopyright = "";
				LD_RUNPATH_SEARCH_PATHS = (
					"$(inherited)",
					"@executable_path/../Frameworks",
				);
				MARKETING_VERSION = 1.0;
				PRODUCT_BUNDLE_IDENTIFIER = org.dongri.gity;
				PRODUCT_NAME = "$(TARGET_NAME)";
				PROVISIONING_PROFILE_SPECIFIER = "";
				SWIFT_EMIT_LOC_STRINGS = YES;
				SWIFT_VERSION = 5.0;
			};
			name = Release;
		};
/* End XCBuildConfiguration section */

/* Begin XCConfigurationList section */
		851 /* Build configuration list for PBXProject "GitY" */ = {
			isa = XCConfigurationList;
			buildConfigurations = (
				860 /* Debug */,
				861 /* Release */,
			);
			defaultConfigurationIsVisible = 0;
			defaultConfigurationName = Release;
		};
		900 /* Build configuration list for PBXNativeTarget "GitY" */ = {
			isa = XCConfigurationList;
			buildConfigurations = (
				870 /* Debug */,
				871 /* Release */,
			);
			defaultConfigurationIsVisible = 0;
			defaultConfigurationName = Release;
		};
/* End XCConfigurationList section */

/* Begin XCRemoteSwiftPackageReference section */
		B10CD1BC958BEEE150E17A2C /* XCRemoteSwiftPackageReference "LLM.swift" */ = {
			isa = XCRemoteSwiftPackageReference;
			repositoryURL = "https://github.com/eastriverlee/LLM.swift.git";
			requirement = {
				kind = upToNextMajorVersion;
				minimumVersion = 2.1.0;
			};
		};
/* End XCRemoteSwiftPackageReference section */

/* Begin XCSwiftPackageProductDependency section */
		CE63AAE17E0CF47A90A8516C /* LLM */ = {
			isa = XCSwiftPackageProductDependency;
			package = B10CD1BC958BEEE150E17A2C /* XCRemoteSwiftPackageReference "LLM.swift" */;
			productName = LLM;
		};
/* End XCSwiftPackageProductDependency section */
	};
	rootObject = 850 /* Project object */;
}
